
Microsoft Visual Studio Solution File, Format Version 12.00
# Visual Studio Version 16
VisualStudioVersion = 16.0.32002.261
MinimumVisualStudioVersion = 10.0.40219.1
Project("{9A19103F-16F7-4668-BE54-9A1E7A4F7556}") = "clinic_management_API", "clinic_management_API\clinic_management_API.csproj", "{9260939E-1ED9-4365-8D53-CED51F95C40F}"
EndProject
Project("{FAE04EC0-301F-11D3-BF4B-00C04F79EFBC}") = "Clinic_web_app", "Clinic_web_app\Clinic_web_app.csproj", "{DA093375-1371-4C59-B5CC-833A0D8F5959}"
EndProject
Global
	GlobalSection(SolutionConfigurationPlatforms) = preSolution
		Debug|Any CPU = Debug|Any CPU
		Release|Any CPU = Release|Any CPU
	EndGlobalSection
	GlobalSection(ProjectConfigurationPlatforms) = postSolution
		{9260939E-1ED9-4365-8D53-CED51F95C40F}.Debug|Any CPU.ActiveCfg = Debug|Any CPU
		{9260939E-1ED9-4365-8D53-CED51F95C40F}.Debug|Any CPU.Build.0 = Debug|Any CPU
		{9260939E-1ED9-4365-8D53-CED51F95C40F}.Release|Any CPU.ActiveCfg = Release|Any CPU
		{9260939E-1ED9-4365-8D53-CED51F95C40F}.Release|Any CPU.Build.0 = Release|Any CPU
		{DA093375-1371-4C59-B5CC-833A0D8F5959}.Debug|Any CPU.ActiveCfg = Debug|Any CPU
		{DA093375-1371-4C59-B5CC-833A0D8F5959}.Debug|Any CPU.Build.0 = Debug|Any CPU
		{DA093375-1371-4C59-B5CC-833A0D8F5959}.Release|Any CPU.ActiveCfg = Release|Any CPU
		{DA093375-1371-4C59-B5CC-833A0D8F5959}.Release|Any CPU.Build.0 = Release|Any CPU
	EndGlobalSection
	GlobalSection(SolutionProperties) = preSolution
		HideSolutionNode = FALSE
	EndGlobalSection
	GlobalSection(ExtensibilityGlobals) = postSolution
		SolutionGuid = {2853908E-B261-4719-A54D-9CE0E1C9F18A}
	EndGlobalSection
EndGlobal
